
Microsoft Visual Studio Solution File, Format Version 12.00
# Visual Studio Version 16
VisualStudioVersion = 16.0.30413.136
MinimumVisualStudioVersion = 10.0.40219.1
Project("{9A19103F-16F7-4668-BE54-9A1E7A4F7556}") = "Multiclass_Classification_Batch", "Multiclass_Classification_Batch\Multiclass_Classification_Batch.csproj", "{0B9E8B68-DEFE-4B11-8678-7F019D1184A4}"
EndProject
Project("{9A19103F-16F7-4668-BE54-9A1E7A4F7556}") = "Multiclass_Classification_BatchML.Model", "Multiclass_Classification_BatchML.Model\Multiclass_Classification_BatchML.Model.csproj", "{25DBA7EC-0218-4D95-AFC1-B4646AC4C01B}"
EndProject
Project("{9A19103F-16F7-4668-BE54-9A1E7A4F7556}") = "Multiclass_Classification_BatchML.ConsoleApp", "Multiclass_Classification_BatchML.ConsoleApp\Multiclass_Classification_BatchML.ConsoleApp.csproj", "{1F6CC977-5722-4E33-8339-6851F1CA4690}"
EndProject
Global
	GlobalSection(SolutionConfigurationPlatforms) = preSolution
		Debug|Any CPU = Debug|Any CPU
		Release|Any CPU = Release|Any CPU
	EndGlobalSection
	GlobalSection(ProjectConfigurationPlatforms) = postSolution
		{0B9E8B68-DEFE-4B11-8678-7F019D1184A4}.Debug|Any CPU.ActiveCfg = Debug|Any CPU
		{0B9E8B68-DEFE-4B11-8678-7F019D1184A4}.Debug|Any CPU.Build.0 = Debug|Any CPU
		{0B9E8B68-DEFE-4B11-8678-7F019D1184A4}.Release|Any CPU.ActiveCfg = Release|Any CPU
		{0B9E8B68-DEFE-4B11-8678-7F019D1184A4}.Release|Any CPU.Build.0 = Release|Any CPU
		{25DBA7EC-0218-4D95-AFC1-B4646AC4C01B}.Debug|Any CPU.ActiveCfg = Debug|Any CPU
		{25DBA7EC-0218-4D95-AFC1-B4646AC4C01B}.Debug|Any CPU.Build.0 = Debug|Any CPU
		{25DBA7EC-0218-4D95-AFC1-B4646AC4C01B}.Release|Any CPU.ActiveCfg = Release|Any CPU
		{25DBA7EC-0218-4D95-AFC1-B4646AC4C01B}.Release|Any CPU.Build.0 = Release|Any CPU
		{1F6CC977-5722-4E33-8339-6851F1CA4690}.Debug|Any CPU.ActiveCfg = Debug|Any CPU
		{1F6CC977-5722-4E33-8339-6851F1CA4690}.Debug|Any CPU.Build.0 = Debug|Any CPU
		{1F6CC977-5722-4E33-8339-6851F1CA4690}.Release|Any CPU.ActiveCfg = Release|Any CPU
		{1F6CC977-5722-4E33-8339-6851F1CA4690}.Release|Any CPU.Build.0 = Release|Any CPU
	EndGlobalSection
	GlobalSection(SolutionProperties) = preSolution
		HideSolutionNode = FALSE
	EndGlobalSection
	GlobalSection(ExtensibilityGlobals) = postSolution
		SolutionGuid = {8F2F81A5-EED9-4196-9B6F-F2C7D2E0A7B8}
	EndGlobalSection
EndGlobal
